// !$*UTF8*$!
{
	archiveVersion = 1;
	classes = {
	};
	objectVersion = 46;
	objects = {

/* Begin PBXBuildFile section */
<<<<<<< HEAD
		0435D16D153D3CCF0009BCF9 /* activity-overlay.png in Resources */ = {isa = PBXBuildFile; fileRef = 0435D110153D3CCE0009BCF9 /* activity-overlay.png */; };
		0435D16E153D3CCF0009BCF9 /* Activity.xib in Resources */ = {isa = PBXBuildFile; fileRef = 0435D111153D3CCE0009BCF9 /* Activity.xib */; };
		0435D16F153D3CCF0009BCF9 /* ISActivityOverlayController.m in Sources */ = {isa = PBXBuildFile; fileRef = 0435D113153D3CCE0009BCF9 /* ISActivityOverlayController.m */; };
		0435D170153D3CCF0009BCF9 /* CAVNSArrayTypeCategory.m in Sources */ = {isa = PBXBuildFile; fileRef = 0435D117153D3CCE0009BCF9 /* CAVNSArrayTypeCategory.m */; };
		0435D171153D3CCF0009BCF9 /* JSONUtils.m in Sources */ = {isa = PBXBuildFile; fileRef = 0435D119153D3CCE0009BCF9 /* JSONUtils.m */; };
		0435D172153D3CCF0009BCF9 /* NSArray+MBNSIndexPath.m in Sources */ = {isa = PBXBuildFile; fileRef = 0435D11B153D3CCE0009BCF9 /* NSArray+MBNSIndexPath.m */; };
		0435D173153D3CCF0009BCF9 /* NSData+Hex.m in Sources */ = {isa = PBXBuildFile; fileRef = 0435D11D153D3CCE0009BCF9 /* NSData+Hex.m */; };
		0435D174153D3CCF0009BCF9 /* NSDate-Calendar.m in Sources */ = {isa = PBXBuildFile; fileRef = 0435D11F153D3CCE0009BCF9 /* NSDate-Calendar.m */; };
		0435D175153D3CCF0009BCF9 /* NSDateDayCategory.m in Sources */ = {isa = PBXBuildFile; fileRef = 0435D121153D3CCE0009BCF9 /* NSDateDayCategory.m */; };
		0435D176153D3CCF0009BCF9 /* NSError+Log4Cocoa.m in Sources */ = {isa = PBXBuildFile; fileRef = 0435D123153D3CCE0009BCF9 /* NSError+Log4Cocoa.m */; };
		0435D177153D3CCF0009BCF9 /* NSHTTPURLResponse+StatusCodes.m in Sources */ = {isa = PBXBuildFile; fileRef = 0435D125153D3CCE0009BCF9 /* NSHTTPURLResponse+StatusCodes.m */; };
		0435D178153D3CCF0009BCF9 /* NSString+md5.m in Sources */ = {isa = PBXBuildFile; fileRef = 0435D127153D3CCE0009BCF9 /* NSString+md5.m */; };
		0435D179153D3CCF0009BCF9 /* EGORefreshTableHeaderView.m in Sources */ = {isa = PBXBuildFile; fileRef = 0435D12D153D3CCE0009BCF9 /* EGORefreshTableHeaderView.m */; };
		0435D17A153D3CCF0009BCF9 /* blackArrow.png in Resources */ = {isa = PBXBuildFile; fileRef = 0435D12F153D3CCE0009BCF9 /* blackArrow.png */; };
		0435D17B153D3CCF0009BCF9 /* blackArrow@2x.png in Resources */ = {isa = PBXBuildFile; fileRef = 0435D130153D3CCE0009BCF9 /* blackArrow@2x.png */; };
		0435D17C153D3CCF0009BCF9 /* blueArrow.png in Resources */ = {isa = PBXBuildFile; fileRef = 0435D131153D3CCE0009BCF9 /* blueArrow.png */; };
		0435D17D153D3CCF0009BCF9 /* blueArrow@2x.png in Resources */ = {isa = PBXBuildFile; fileRef = 0435D132153D3CCE0009BCF9 /* blueArrow@2x.png */; };
		0435D17E153D3CCF0009BCF9 /* grayArrow.png in Resources */ = {isa = PBXBuildFile; fileRef = 0435D133153D3CCE0009BCF9 /* grayArrow.png */; };
		0435D17F153D3CCF0009BCF9 /* grayArrow@2x.png in Resources */ = {isa = PBXBuildFile; fileRef = 0435D134153D3CCE0009BCF9 /* grayArrow@2x.png */; };
		0435D180153D3CCF0009BCF9 /* whiteArrow.png in Resources */ = {isa = PBXBuildFile; fileRef = 0435D135153D3CCE0009BCF9 /* whiteArrow.png */; };
		0435D181153D3CCF0009BCF9 /* whiteArrow@2x.png in Resources */ = {isa = PBXBuildFile; fileRef = 0435D136153D3CCE0009BCF9 /* whiteArrow@2x.png */; };
		0435D182153D3CCF0009BCF9 /* ISO8601DateFormatter.m in Sources */ = {isa = PBXBuildFile; fileRef = 0435D13B153D3CCE0009BCF9 /* ISO8601DateFormatter.m */; };
		0435D183153D3CCF0009BCF9 /* NSObject+SBJSON.m in Sources */ = {isa = PBXBuildFile; fileRef = 0435D154153D3CCE0009BCF9 /* NSObject+SBJSON.m */; };
		0435D184153D3CCF0009BCF9 /* NSString+SBJSON.m in Sources */ = {isa = PBXBuildFile; fileRef = 0435D156153D3CCE0009BCF9 /* NSString+SBJSON.m */; };
		0435D185153D3CCF0009BCF9 /* SBJsonBase.m in Sources */ = {isa = PBXBuildFile; fileRef = 0435D158153D3CCE0009BCF9 /* SBJsonBase.m */; };
		0435D186153D3CCF0009BCF9 /* SBJsonParser.m in Sources */ = {isa = PBXBuildFile; fileRef = 0435D15A153D3CCE0009BCF9 /* SBJsonParser.m */; };
		0435D187153D3CCF0009BCF9 /* SBJsonStreamWriter.m in Sources */ = {isa = PBXBuildFile; fileRef = 0435D15C153D3CCE0009BCF9 /* SBJsonStreamWriter.m */; };
		0435D188153D3CCF0009BCF9 /* SBJsonWriter.m in Sources */ = {isa = PBXBuildFile; fileRef = 0435D15E153D3CCE0009BCF9 /* SBJsonWriter.m */; };
		0435D189153D3CCF0009BCF9 /* IconRecord.m in Sources */ = {isa = PBXBuildFile; fileRef = 0435D162153D3CCE0009BCF9 /* IconRecord.m */; };
		0435D18A153D3CCF0009BCF9 /* ImageCache.m in Sources */ = {isa = PBXBuildFile; fileRef = 0435D164153D3CCE0009BCF9 /* ImageCache.m */; };
		0435D18B153D3CCF0009BCF9 /* SAService.m in Sources */ = {isa = PBXBuildFile; fileRef = 0435D167153D3CCE0009BCF9 /* SAService.m */; };
		0435D18C153D3CCF0009BCF9 /* SAServiceAsyncInvocation.m in Sources */ = {isa = PBXBuildFile; fileRef = 0435D169153D3CCE0009BCF9 /* SAServiceAsyncInvocation.m */; };
		0435D1A1153D3D520009BCF9 /* ExamService.m in Sources */ = {isa = PBXBuildFile; fileRef = 0435D19C153D3D520009BCF9 /* ExamService.m */; };
		0435D1A2153D3D520009BCF9 /* GetExamDetailsInvocation.m in Sources */ = {isa = PBXBuildFile; fileRef = 0435D19E153D3D520009BCF9 /* GetExamDetailsInvocation.m */; };
		0435D1A3153D3D520009BCF9 /* SubmitUserInvocation.m in Sources */ = {isa = PBXBuildFile; fileRef = 0435D1A0153D3D520009BCF9 /* SubmitUserInvocation.m */; };
		0435D1AF153D3E8D0009BCF9 /* ExamBoardAsyncInvocation.m in Sources */ = {isa = PBXBuildFile; fileRef = 0435D1AE153D3E8D0009BCF9 /* ExamBoardAsyncInvocation.m */; };
		048F82F81505FB3700534A5A /* lock.xcdatamodel in Sources */ = {isa = PBXBuildFile; fileRef = 048F82F71505FB3700534A5A /* lock.xcdatamodel */; };
		0499348215134BD800D9CBB8 /* CoreLocation.framework in Frameworks */ = {isa = PBXBuildFile; fileRef = 0499348115134BD800D9CBB8 /* CoreLocation.framework */; };
		049934AA15134C1100D9CBB8 /* CoreData.framework in Frameworks */ = {isa = PBXBuildFile; fileRef = 049934A915134C1100D9CBB8 /* CoreData.framework */; };
		04BDF74F154181A200ADC4F1 /* hello.m in Sources */ = {isa = PBXBuildFile; fileRef = 04BDF74D154181A200ADC4F1 /* hello.m */; };
		04BDF750154181A200ADC4F1 /* hello.xib in Resources */ = {isa = PBXBuildFile; fileRef = 04BDF74E154181A200ADC4F1 /* hello.xib */; };
		04CEFEE014FCF1FA004D5291 /* MapKit.framework in Frameworks */ = {isa = PBXBuildFile; fileRef = 04CEFEDF14FCF1FA004D5291 /* MapKit.framework */; };
		1D60589B0D05DD56006BFB54 /* main.m in Sources */ = {isa = PBXBuildFile; fileRef = 29B97316FDCFA39411CA2CEA /* main.m */; };
		1D60589F0D05DD5A006BFB54 /* Foundation.framework in Frameworks */ = {isa = PBXBuildFile; fileRef = 1D30AB110D05D00D00671497 /* Foundation.framework */; };
		1DF5F4E00D08C38300B7A737 /* UIKit.framework in Frameworks */ = {isa = PBXBuildFile; fileRef = 1DF5F4DF0D08C38300B7A737 /* UIKit.framework */; };
		2892E4100DC94CBA00A64D0F /* CoreGraphics.framework in Frameworks */ = {isa = PBXBuildFile; fileRef = 2892E40F0DC94CBA00A64D0F /* CoreGraphics.framework */; };
		28AD73600D9D9599002E5188 /* MainWindow.xib in Resources */ = {isa = PBXBuildFile; fileRef = 28AD735F0D9D9599002E5188 /* MainWindow.xib */; };
		28F335F11007B36200424DE2 /* RootViewController.xib in Resources */ = {isa = PBXBuildFile; fileRef = 28F335F01007B36200424DE2 /* RootViewController.xib */; };
/* End PBXBuildFile section */

/* Begin PBXContainerItemProxy section */
		0435D192153D3CCF0009BCF9 /* PBXContainerItemProxy */ = {
			isa = PBXContainerItemProxy;
			containerPortal = 0435D148153D3CCE0009BCF9 /* JSON.xcodeproj */;
			proxyType = 2;
			remoteGlobalIDString = 53D229810C96121600276605;
			remoteInfo = JSON;
		};
		0435D194153D3CCF0009BCF9 /* PBXContainerItemProxy */ = {
			isa = PBXContainerItemProxy;
			containerPortal = 0435D148153D3CCE0009BCF9 /* JSON.xcodeproj */;
			proxyType = 2;
			remoteGlobalIDString = 53D2298D0C96122A00276605;
			remoteInfo = Tests;
		};
		0435D196153D3CCF0009BCF9 /* PBXContainerItemProxy */ = {
			isa = PBXContainerItemProxy;
			containerPortal = 0435D148153D3CCE0009BCF9 /* JSON.xcodeproj */;
			proxyType = 2;
			remoteGlobalIDString = FE2BBD800D8B0D3900184787;
			remoteInfo = libjson;
		};
		0435D198153D3CCF0009BCF9 /* PBXContainerItemProxy */ = {
			isa = PBXContainerItemProxy;
			containerPortal = 0435D148153D3CCE0009BCF9 /* JSON.xcodeproj */;
			proxyType = 2;
			remoteGlobalIDString = FE2BBDAB0D8B0EE000184787;
			remoteInfo = libjsontests;
		};
/* End PBXContainerItemProxy section */

/* Begin PBXFileReference section */
		0435D110153D3CCE0009BCF9 /* activity-overlay.png */ = {isa = PBXFileReference; lastKnownFileType = image.png; path = "activity-overlay.png"; sourceTree = "<group>"; };
		0435D111153D3CCE0009BCF9 /* Activity.xib */ = {isa = PBXFileReference; fileEncoding = 4; lastKnownFileType = file.xib; path = Activity.xib; sourceTree = "<group>"; };
		0435D112153D3CCE0009BCF9 /* ISActivityOverlayController.h */ = {isa = PBXFileReference; fileEncoding = 4; lastKnownFileType = sourcecode.c.h; path = ISActivityOverlayController.h; sourceTree = "<group>"; };
		0435D113153D3CCE0009BCF9 /* ISActivityOverlayController.m */ = {isa = PBXFileReference; fileEncoding = 4; lastKnownFileType = sourcecode.c.objc; path = ISActivityOverlayController.m; sourceTree = "<group>"; };
		0435D116153D3CCE0009BCF9 /* CAVNSArrayTypeCategory.h */ = {isa = PBXFileReference; fileEncoding = 4; lastKnownFileType = sourcecode.c.h; path = CAVNSArrayTypeCategory.h; sourceTree = "<group>"; };
		0435D117153D3CCE0009BCF9 /* CAVNSArrayTypeCategory.m */ = {isa = PBXFileReference; fileEncoding = 4; lastKnownFileType = sourcecode.c.objc; path = CAVNSArrayTypeCategory.m; sourceTree = "<group>"; };
		0435D118153D3CCE0009BCF9 /* JSONUtils.h */ = {isa = PBXFileReference; fileEncoding = 4; lastKnownFileType = sourcecode.c.h; path = JSONUtils.h; sourceTree = "<group>"; };
		0435D119153D3CCE0009BCF9 /* JSONUtils.m */ = {isa = PBXFileReference; fileEncoding = 4; lastKnownFileType = sourcecode.c.objc; path = JSONUtils.m; sourceTree = "<group>"; };
		0435D11A153D3CCE0009BCF9 /* NSArray+MBNSIndexPath.h */ = {isa = PBXFileReference; fileEncoding = 4; lastKnownFileType = sourcecode.c.h; path = "NSArray+MBNSIndexPath.h"; sourceTree = "<group>"; };
		0435D11B153D3CCE0009BCF9 /* NSArray+MBNSIndexPath.m */ = {isa = PBXFileReference; fileEncoding = 4; lastKnownFileType = sourcecode.c.objc; path = "NSArray+MBNSIndexPath.m"; sourceTree = "<group>"; };
		0435D11C153D3CCE0009BCF9 /* NSData+Hex.h */ = {isa = PBXFileReference; fileEncoding = 4; lastKnownFileType = sourcecode.c.h; path = "NSData+Hex.h"; sourceTree = "<group>"; };
		0435D11D153D3CCE0009BCF9 /* NSData+Hex.m */ = {isa = PBXFileReference; fileEncoding = 4; lastKnownFileType = sourcecode.c.objc; path = "NSData+Hex.m"; sourceTree = "<group>"; };
		0435D11E153D3CCE0009BCF9 /* NSDate-Calendar.h */ = {isa = PBXFileReference; fileEncoding = 4; lastKnownFileType = sourcecode.c.h; path = "NSDate-Calendar.h"; sourceTree = "<group>"; };
		0435D11F153D3CCE0009BCF9 /* NSDate-Calendar.m */ = {isa = PBXFileReference; fileEncoding = 4; lastKnownFileType = sourcecode.c.objc; path = "NSDate-Calendar.m"; sourceTree = "<group>"; };
		0435D120153D3CCE0009BCF9 /* NSDateDayCategory.h */ = {isa = PBXFileReference; fileEncoding = 4; lastKnownFileType = sourcecode.c.h; path = NSDateDayCategory.h; sourceTree = "<group>"; };
		0435D121153D3CCE0009BCF9 /* NSDateDayCategory.m */ = {isa = PBXFileReference; fileEncoding = 4; lastKnownFileType = sourcecode.c.objc; path = NSDateDayCategory.m; sourceTree = "<group>"; };
		0435D122153D3CCE0009BCF9 /* NSError+Log4Cocoa.h */ = {isa = PBXFileReference; fileEncoding = 4; lastKnownFileType = sourcecode.c.h; path = "NSError+Log4Cocoa.h"; sourceTree = "<group>"; };
		0435D123153D3CCE0009BCF9 /* NSError+Log4Cocoa.m */ = {isa = PBXFileReference; fileEncoding = 4; lastKnownFileType = sourcecode.c.objc; path = "NSError+Log4Cocoa.m"; sourceTree = "<group>"; };
		0435D124153D3CCE0009BCF9 /* NSHTTPURLResponse+StatusCodes.h */ = {isa = PBXFileReference; fileEncoding = 4; lastKnownFileType = sourcecode.c.h; path = "NSHTTPURLResponse+StatusCodes.h"; sourceTree = "<group>"; };
		0435D125153D3CCE0009BCF9 /* NSHTTPURLResponse+StatusCodes.m */ = {isa = PBXFileReference; fileEncoding = 4; lastKnownFileType = sourcecode.c.objc; path = "NSHTTPURLResponse+StatusCodes.m"; sourceTree = "<group>"; };
		0435D126153D3CCE0009BCF9 /* NSString+md5.h */ = {isa = PBXFileReference; fileEncoding = 4; lastKnownFileType = sourcecode.c.h; path = "NSString+md5.h"; sourceTree = "<group>"; };
		0435D127153D3CCE0009BCF9 /* NSString+md5.m */ = {isa = PBXFileReference; fileEncoding = 4; lastKnownFileType = sourcecode.c.objc; path = "NSString+md5.m"; sourceTree = "<group>"; };
		0435D12C153D3CCE0009BCF9 /* EGORefreshTableHeaderView.h */ = {isa = PBXFileReference; fileEncoding = 4; lastKnownFileType = sourcecode.c.h; path = EGORefreshTableHeaderView.h; sourceTree = "<group>"; };
		0435D12D153D3CCE0009BCF9 /* EGORefreshTableHeaderView.m */ = {isa = PBXFileReference; fileEncoding = 4; lastKnownFileType = sourcecode.c.objc; path = EGORefreshTableHeaderView.m; sourceTree = "<group>"; };
		0435D12F153D3CCE0009BCF9 /* blackArrow.png */ = {isa = PBXFileReference; lastKnownFileType = image.png; path = blackArrow.png; sourceTree = "<group>"; };
		0435D130153D3CCE0009BCF9 /* blackArrow@2x.png */ = {isa = PBXFileReference; lastKnownFileType = image.png; path = "blackArrow@2x.png"; sourceTree = "<group>"; };
		0435D131153D3CCE0009BCF9 /* blueArrow.png */ = {isa = PBXFileReference; lastKnownFileType = image.png; path = blueArrow.png; sourceTree = "<group>"; };
		0435D132153D3CCE0009BCF9 /* blueArrow@2x.png */ = {isa = PBXFileReference; lastKnownFileType = image.png; path = "blueArrow@2x.png"; sourceTree = "<group>"; };
		0435D133153D3CCE0009BCF9 /* grayArrow.png */ = {isa = PBXFileReference; lastKnownFileType = image.png; path = grayArrow.png; sourceTree = "<group>"; };
		0435D134153D3CCE0009BCF9 /* grayArrow@2x.png */ = {isa = PBXFileReference; lastKnownFileType = image.png; path = "grayArrow@2x.png"; sourceTree = "<group>"; };
		0435D135153D3CCE0009BCF9 /* whiteArrow.png */ = {isa = PBXFileReference; lastKnownFileType = image.png; path = whiteArrow.png; sourceTree = "<group>"; };
		0435D136153D3CCE0009BCF9 /* whiteArrow@2x.png */ = {isa = PBXFileReference; lastKnownFileType = image.png; path = "whiteArrow@2x.png"; sourceTree = "<group>"; };
		0435D13A153D3CCE0009BCF9 /* ISO8601DateFormatter.h */ = {isa = PBXFileReference; fileEncoding = 4; lastKnownFileType = sourcecode.c.h; path = ISO8601DateFormatter.h; sourceTree = "<group>"; };
		0435D13B153D3CCE0009BCF9 /* ISO8601DateFormatter.m */ = {isa = PBXFileReference; fileEncoding = 4; lastKnownFileType = sourcecode.c.objc; path = ISO8601DateFormatter.m; sourceTree = "<group>"; };
		0435D148153D3CCE0009BCF9 /* JSON.xcodeproj */ = {isa = PBXFileReference; lastKnownFileType = "wrapper.pb-project"; path = JSON.xcodeproj; sourceTree = "<group>"; };
		0435D152153D3CCE0009BCF9 /* JSON.h */ = {isa = PBXFileReference; fileEncoding = 4; lastKnownFileType = sourcecode.c.h; path = JSON.h; sourceTree = "<group>"; };
		0435D153153D3CCE0009BCF9 /* NSObject+SBJSON.h */ = {isa = PBXFileReference; fileEncoding = 4; lastKnownFileType = sourcecode.c.h; path = "NSObject+SBJSON.h"; sourceTree = "<group>"; };
		0435D154153D3CCE0009BCF9 /* NSObject+SBJSON.m */ = {isa = PBXFileReference; fileEncoding = 4; lastKnownFileType = sourcecode.c.objc; path = "NSObject+SBJSON.m"; sourceTree = "<group>"; };
		0435D155153D3CCE0009BCF9 /* NSString+SBJSON.h */ = {isa = PBXFileReference; fileEncoding = 4; lastKnownFileType = sourcecode.c.h; path = "NSString+SBJSON.h"; sourceTree = "<group>"; };
		0435D156153D3CCE0009BCF9 /* NSString+SBJSON.m */ = {isa = PBXFileReference; fileEncoding = 4; lastKnownFileType = sourcecode.c.objc; path = "NSString+SBJSON.m"; sourceTree = "<group>"; };
		0435D157153D3CCE0009BCF9 /* SBJsonBase.h */ = {isa = PBXFileReference; fileEncoding = 4; lastKnownFileType = sourcecode.c.h; path = SBJsonBase.h; sourceTree = "<group>"; };
		0435D158153D3CCE0009BCF9 /* SBJsonBase.m */ = {isa = PBXFileReference; fileEncoding = 4; lastKnownFileType = sourcecode.c.objc; path = SBJsonBase.m; sourceTree = "<group>"; };
		0435D159153D3CCE0009BCF9 /* SBJsonParser.h */ = {isa = PBXFileReference; fileEncoding = 4; lastKnownFileType = sourcecode.c.h; path = SBJsonParser.h; sourceTree = "<group>"; };
		0435D15A153D3CCE0009BCF9 /* SBJsonParser.m */ = {isa = PBXFileReference; fileEncoding = 4; lastKnownFileType = sourcecode.c.objc; path = SBJsonParser.m; sourceTree = "<group>"; };
		0435D15B153D3CCE0009BCF9 /* SBJsonStreamWriter.h */ = {isa = PBXFileReference; fileEncoding = 4; lastKnownFileType = sourcecode.c.h; path = SBJsonStreamWriter.h; sourceTree = "<group>"; };
		0435D15C153D3CCE0009BCF9 /* SBJsonStreamWriter.m */ = {isa = PBXFileReference; fileEncoding = 4; lastKnownFileType = sourcecode.c.objc; path = SBJsonStreamWriter.m; sourceTree = "<group>"; };
		0435D15D153D3CCE0009BCF9 /* SBJsonWriter.h */ = {isa = PBXFileReference; fileEncoding = 4; lastKnownFileType = sourcecode.c.h; path = SBJsonWriter.h; sourceTree = "<group>"; };
		0435D15E153D3CCE0009BCF9 /* SBJsonWriter.m */ = {isa = PBXFileReference; fileEncoding = 4; lastKnownFileType = sourcecode.c.objc; path = SBJsonWriter.m; sourceTree = "<group>"; };
		0435D15F153D3CCE0009BCF9 /* SBProxyForJson.h */ = {isa = PBXFileReference; fileEncoding = 4; lastKnownFileType = sourcecode.c.h; path = SBProxyForJson.h; sourceTree = "<group>"; };
		0435D161153D3CCE0009BCF9 /* IconRecord.h */ = {isa = PBXFileReference; fileEncoding = 4; lastKnownFileType = sourcecode.c.h; path = IconRecord.h; sourceTree = "<group>"; };
		0435D162153D3CCE0009BCF9 /* IconRecord.m */ = {isa = PBXFileReference; fileEncoding = 4; lastKnownFileType = sourcecode.c.objc; path = IconRecord.m; sourceTree = "<group>"; };
		0435D163153D3CCE0009BCF9 /* ImageCache.h */ = {isa = PBXFileReference; fileEncoding = 4; lastKnownFileType = sourcecode.c.h; path = ImageCache.h; sourceTree = "<group>"; };
		0435D164153D3CCE0009BCF9 /* ImageCache.m */ = {isa = PBXFileReference; fileEncoding = 4; lastKnownFileType = sourcecode.c.objc; path = ImageCache.m; sourceTree = "<group>"; };
		0435D166153D3CCE0009BCF9 /* SAService.h */ = {isa = PBXFileReference; fileEncoding = 4; lastKnownFileType = sourcecode.c.h; path = SAService.h; sourceTree = "<group>"; };
		0435D167153D3CCE0009BCF9 /* SAService.m */ = {isa = PBXFileReference; fileEncoding = 4; lastKnownFileType = sourcecode.c.objc; path = SAService.m; sourceTree = "<group>"; };
		0435D168153D3CCE0009BCF9 /* SAServiceAsyncInvocation.h */ = {isa = PBXFileReference; fileEncoding = 4; lastKnownFileType = sourcecode.c.h; path = SAServiceAsyncInvocation.h; sourceTree = "<group>"; };
		0435D169153D3CCE0009BCF9 /* SAServiceAsyncInvocation.m */ = {isa = PBXFileReference; fileEncoding = 4; lastKnownFileType = sourcecode.c.objc; path = SAServiceAsyncInvocation.m; sourceTree = "<group>"; };
		0435D19B153D3D520009BCF9 /* ExamService.h */ = {isa = PBXFileReference; fileEncoding = 4; lastKnownFileType = sourcecode.c.h; path = ExamService.h; sourceTree = "<group>"; };
		0435D19C153D3D520009BCF9 /* ExamService.m */ = {isa = PBXFileReference; fileEncoding = 4; lastKnownFileType = sourcecode.c.objc; path = ExamService.m; sourceTree = "<group>"; };
		0435D19D153D3D520009BCF9 /* GetExamDetailsInvocation.h */ = {isa = PBXFileReference; fileEncoding = 4; lastKnownFileType = sourcecode.c.h; path = GetExamDetailsInvocation.h; sourceTree = "<group>"; };
		0435D19E153D3D520009BCF9 /* GetExamDetailsInvocation.m */ = {isa = PBXFileReference; fileEncoding = 4; lastKnownFileType = sourcecode.c.objc; path = GetExamDetailsInvocation.m; sourceTree = "<group>"; };
		0435D19F153D3D520009BCF9 /* SubmitUserInvocation.h */ = {isa = PBXFileReference; fileEncoding = 4; lastKnownFileType = sourcecode.c.h; path = SubmitUserInvocation.h; sourceTree = "<group>"; };
		0435D1A0153D3D520009BCF9 /* SubmitUserInvocation.m */ = {isa = PBXFileReference; fileEncoding = 4; lastKnownFileType = sourcecode.c.objc; path = SubmitUserInvocation.m; sourceTree = "<group>"; };
		0435D1AD153D3E8D0009BCF9 /* ExamBoardAsyncInvocation.h */ = {isa = PBXFileReference; fileEncoding = 4; lastKnownFileType = sourcecode.c.h; name = ExamBoardAsyncInvocation.h; path = ../ExamBoardAsyncInvocation.h; sourceTree = "<group>"; };
		0435D1AE153D3E8D0009BCF9 /* ExamBoardAsyncInvocation.m */ = {isa = PBXFileReference; fileEncoding = 4; lastKnownFileType = sourcecode.c.objc; name = ExamBoardAsyncInvocation.m; path = ../ExamBoardAsyncInvocation.m; sourceTree = "<group>"; };
		048F82F71505FB3700534A5A /* lock.xcdatamodel */ = {isa = PBXFileReference; fileEncoding = 4; lastKnownFileType = wrapper.xcdatamodel; path = lock.xcdatamodel; sourceTree = "<group>"; };
		0499348115134BD800D9CBB8 /* CoreLocation.framework */ = {isa = PBXFileReference; lastKnownFileType = wrapper.framework; name = CoreLocation.framework; path = System/Library/Frameworks/CoreLocation.framework; sourceTree = SDKROOT; };
		049934A915134C1100D9CBB8 /* CoreData.framework */ = {isa = PBXFileReference; lastKnownFileType = wrapper.framework; name = CoreData.framework; path = System/Library/Frameworks/CoreData.framework; sourceTree = SDKROOT; };
		04BDF74C154181A200ADC4F1 /* hello.h */ = {isa = PBXFileReference; fileEncoding = 4; lastKnownFileType = sourcecode.c.h; path = hello.h; sourceTree = "<group>"; };
		04BDF74D154181A200ADC4F1 /* hello.m */ = {isa = PBXFileReference; fileEncoding = 4; lastKnownFileType = sourcecode.c.objc; path = hello.m; sourceTree = "<group>"; };
		04BDF74E154181A200ADC4F1 /* hello.xib */ = {isa = PBXFileReference; fileEncoding = 4; lastKnownFileType = file.xib; path = hello.xib; sourceTree = "<group>"; };
		04CEFEDF14FCF1FA004D5291 /* MapKit.framework */ = {isa = PBXFileReference; lastKnownFileType = wrapper.framework; name = MapKit.framework; path = System/Library/Frameworks/MapKit.framework; sourceTree = SDKROOT; };
		1D30AB110D05D00D00671497 /* Foundation.framework */ = {isa = PBXFileReference; lastKnownFileType = wrapper.framework; name = Foundation.framework; path = System/Library/Frameworks/Foundation.framework; sourceTree = SDKROOT; };
		1D6058910D05DD3D006BFB54 /* lock.app */ = {isa = PBXFileReference; explicitFileType = wrapper.application; includeInIndex = 0; path = lock.app; sourceTree = BUILT_PRODUCTS_DIR; };
		1DF5F4DF0D08C38300B7A737 /* UIKit.framework */ = {isa = PBXFileReference; lastKnownFileType = wrapper.framework; name = UIKit.framework; path = System/Library/Frameworks/UIKit.framework; sourceTree = SDKROOT; };
		2892E40F0DC94CBA00A64D0F /* CoreGraphics.framework */ = {isa = PBXFileReference; lastKnownFileType = wrapper.framework; name = CoreGraphics.framework; path = System/Library/Frameworks/CoreGraphics.framework; sourceTree = SDKROOT; };
		28A0AAE50D9B0CCF005BE974 /* lock_Prefix.pch */ = {isa = PBXFileReference; fileEncoding = 4; lastKnownFileType = sourcecode.c.h; path = lock_Prefix.pch; sourceTree = "<group>"; };
		28AD735F0D9D9599002E5188 /* MainWindow.xib */ = {isa = PBXFileReference; lastKnownFileType = file.xib; path = MainWindow.xib; sourceTree = "<group>"; };
		28F335F01007B36200424DE2 /* RootViewController.xib */ = {isa = PBXFileReference; lastKnownFileType = file.xib; path = RootViewController.xib; sourceTree = "<group>"; };
		29B97316FDCFA39411CA2CEA /* main.m */ = {isa = PBXFileReference; fileEncoding = 4; lastKnownFileType = sourcecode.c.objc; path = main.m; sourceTree = "<group>"; };
		8D1107310486CEB800E47090 /* lock-Info.plist */ = {isa = PBXFileReference; fileEncoding = 4; lastKnownFileType = text.plist.xml; path = "lock-Info.plist"; plistStructureDefinitionIdentifier = "com.apple.xcode.plist.structure-definition.iphone.info-plist"; sourceTree = "<group>"; };
/* End PBXFileReference section */

/* Begin PBXFrameworksBuildPhase section */
		1D60588F0D05DD3D006BFB54 /* Frameworks */ = {
			isa = PBXFrameworksBuildPhase;
			buildActionMask = 2147483647;
			files = (
				1D60589F0D05DD5A006BFB54 /* Foundation.framework in Frameworks */,
				1DF5F4E00D08C38300B7A737 /* UIKit.framework in Frameworks */,
				2892E4100DC94CBA00A64D0F /* CoreGraphics.framework in Frameworks */,
				04CEFEE014FCF1FA004D5291 /* MapKit.framework in Frameworks */,
				0499348215134BD800D9CBB8 /* CoreLocation.framework in Frameworks */,
				049934AA15134C1100D9CBB8 /* CoreData.framework in Frameworks */,
=======
		04BDF77D154189D000ADC4F1 /* UIKit.framework in Frameworks */ = {isa = PBXBuildFile; fileRef = 04BDF77C154189D000ADC4F1 /* UIKit.framework */; };
		04BDF77F154189D000ADC4F1 /* Foundation.framework in Frameworks */ = {isa = PBXBuildFile; fileRef = 04BDF77E154189D000ADC4F1 /* Foundation.framework */; };
		04BDF781154189D000ADC4F1 /* CoreGraphics.framework in Frameworks */ = {isa = PBXBuildFile; fileRef = 04BDF780154189D000ADC4F1 /* CoreGraphics.framework */; };
		04BDF787154189D000ADC4F1 /* InfoPlist.strings in Resources */ = {isa = PBXBuildFile; fileRef = 04BDF785154189D000ADC4F1 /* InfoPlist.strings */; };
		04BDF789154189D000ADC4F1 /* main.m in Sources */ = {isa = PBXBuildFile; fileRef = 04BDF788154189D000ADC4F1 /* main.m */; };
		04BDF78D154189D100ADC4F1 /* lockAppDelegate.m in Sources */ = {isa = PBXBuildFile; fileRef = 04BDF78C154189D100ADC4F1 /* lockAppDelegate.m */; };
		04BDF790154189D100ADC4F1 /* MainWindow.xib in Resources */ = {isa = PBXBuildFile; fileRef = 04BDF78E154189D100ADC4F1 /* MainWindow.xib */; };
		04BDF793154189D100ADC4F1 /* lockViewController.m in Sources */ = {isa = PBXBuildFile; fileRef = 04BDF792154189D100ADC4F1 /* lockViewController.m */; };
		04BDF796154189D100ADC4F1 /* lockViewController.xib in Resources */ = {isa = PBXBuildFile; fileRef = 04BDF794154189D100ADC4F1 /* lockViewController.xib */; };
/* End PBXBuildFile section */

/* Begin PBXFileReference section */
		04BDF778154189D000ADC4F1 /* lock.app */ = {isa = PBXFileReference; explicitFileType = wrapper.application; includeInIndex = 0; path = lock.app; sourceTree = BUILT_PRODUCTS_DIR; };
		04BDF77C154189D000ADC4F1 /* UIKit.framework */ = {isa = PBXFileReference; lastKnownFileType = wrapper.framework; name = UIKit.framework; path = System/Library/Frameworks/UIKit.framework; sourceTree = SDKROOT; };
		04BDF77E154189D000ADC4F1 /* Foundation.framework */ = {isa = PBXFileReference; lastKnownFileType = wrapper.framework; name = Foundation.framework; path = System/Library/Frameworks/Foundation.framework; sourceTree = SDKROOT; };
		04BDF780154189D000ADC4F1 /* CoreGraphics.framework */ = {isa = PBXFileReference; lastKnownFileType = wrapper.framework; name = CoreGraphics.framework; path = System/Library/Frameworks/CoreGraphics.framework; sourceTree = SDKROOT; };
		04BDF784154189D000ADC4F1 /* lock-Info.plist */ = {isa = PBXFileReference; path = "lock-Info.plist"; sourceTree = "<group>"; };
		04BDF786154189D000ADC4F1 /* en */ = {isa = PBXFileReference; lastKnownFileType = text.plist.strings; name = en; path = en.lproj/InfoPlist.strings; sourceTree = "<group>"; };
		04BDF788154189D000ADC4F1 /* main.m */ = {isa = PBXFileReference; lastKnownFileType = sourcecode.c.objc; path = main.m; sourceTree = "<group>"; };
		04BDF78A154189D100ADC4F1 /* lock-Prefix.pch */ = {isa = PBXFileReference; path = "lock-Prefix.pch"; sourceTree = "<group>"; };
		04BDF78B154189D100ADC4F1 /* lockAppDelegate.h */ = {isa = PBXFileReference; path = lockAppDelegate.h; sourceTree = "<group>"; };
		04BDF78C154189D100ADC4F1 /* lockAppDelegate.m */ = {isa = PBXFileReference; lastKnownFileType = sourcecode.c.objc; path = lockAppDelegate.m; sourceTree = "<group>"; };
		04BDF78F154189D100ADC4F1 /* en */ = {isa = PBXFileReference; lastKnownFileType = file.xib; name = en; path = en.lproj/MainWindow.xib; sourceTree = "<group>"; };
		04BDF791154189D100ADC4F1 /* lockViewController.h */ = {isa = PBXFileReference; path = lockViewController.h; sourceTree = "<group>"; };
		04BDF792154189D100ADC4F1 /* lockViewController.m */ = {isa = PBXFileReference; lastKnownFileType = sourcecode.c.objc; path = lockViewController.m; sourceTree = "<group>"; };
		04BDF795154189D100ADC4F1 /* en */ = {isa = PBXFileReference; lastKnownFileType = file.xib; name = en; path = en.lproj/lockViewController.xib; sourceTree = "<group>"; };
/* End PBXFileReference section */

/* Begin PBXFrameworksBuildPhase section */
		04BDF775154189D000ADC4F1 /* Frameworks */ = {
			isa = PBXFrameworksBuildPhase;
			buildActionMask = 2147483647;
			files = (
				04BDF77D154189D000ADC4F1 /* UIKit.framework in Frameworks */,
				04BDF77F154189D000ADC4F1 /* Foundation.framework in Frameworks */,
				04BDF781154189D000ADC4F1 /* CoreGraphics.framework in Frameworks */,
>>>>>>> 847caf9340949d3a42ed1e3dfa637af31834a4e8
			);
			runOnlyForDeploymentPostprocessing = 0;
		};
/* End PBXFrameworksBuildPhase section */

/* Begin PBXGroup section */
<<<<<<< HEAD
		0435D10E153D3CCE0009BCF9 /* Foundation */ = {
			isa = PBXGroup;
			children = (
				0435D10F153D3CCE0009BCF9 /* activity-overlay */,
				0435D114153D3CCE0009BCF9 /* categories */,
				0435D129153D3CCE0009BCF9 /* EGOTableViewPullRefresh */,
				0435D137153D3CCE0009BCF9 /* ISO-8601-parser-0.5 */,
				0435D139153D3CCE0009BCF9 /* json */,
				0435D160153D3CCE0009BCF9 /* SimpleImageCache */,
				0435D165153D3CCE0009BCF9 /* src */,
			);
			name = Foundation;
			path = "../HSC Chemistry/Foundation";
			sourceTree = "<group>";
		};
		0435D10F153D3CCE0009BCF9 /* activity-overlay */ = {
			isa = PBXGroup;
			children = (
				0435D110153D3CCE0009BCF9 /* activity-overlay.png */,
				0435D111153D3CCE0009BCF9 /* Activity.xib */,
				0435D112153D3CCE0009BCF9 /* ISActivityOverlayController.h */,
				0435D113153D3CCE0009BCF9 /* ISActivityOverlayController.m */,
			);
			path = "activity-overlay";
			sourceTree = "<group>";
		};
		0435D114153D3CCE0009BCF9 /* categories */ = {
			isa = PBXGroup;
			children = (
				0435D115153D3CCE0009BCF9 /* src */,
				0435D128153D3CCE0009BCF9 /* test */,
			);
			path = categories;
			sourceTree = "<group>";
		};
		0435D115153D3CCE0009BCF9 /* src */ = {
			isa = PBXGroup;
			children = (
				0435D116153D3CCE0009BCF9 /* CAVNSArrayTypeCategory.h */,
				0435D117153D3CCE0009BCF9 /* CAVNSArrayTypeCategory.m */,
				0435D118153D3CCE0009BCF9 /* JSONUtils.h */,
				0435D119153D3CCE0009BCF9 /* JSONUtils.m */,
				0435D11A153D3CCE0009BCF9 /* NSArray+MBNSIndexPath.h */,
				0435D11B153D3CCE0009BCF9 /* NSArray+MBNSIndexPath.m */,
				0435D11C153D3CCE0009BCF9 /* NSData+Hex.h */,
				0435D11D153D3CCE0009BCF9 /* NSData+Hex.m */,
				0435D11E153D3CCE0009BCF9 /* NSDate-Calendar.h */,
				0435D11F153D3CCE0009BCF9 /* NSDate-Calendar.m */,
				0435D120153D3CCE0009BCF9 /* NSDateDayCategory.h */,
				0435D121153D3CCE0009BCF9 /* NSDateDayCategory.m */,
				0435D122153D3CCE0009BCF9 /* NSError+Log4Cocoa.h */,
				0435D123153D3CCE0009BCF9 /* NSError+Log4Cocoa.m */,
				0435D124153D3CCE0009BCF9 /* NSHTTPURLResponse+StatusCodes.h */,
				0435D125153D3CCE0009BCF9 /* NSHTTPURLResponse+StatusCodes.m */,
				0435D126153D3CCE0009BCF9 /* NSString+md5.h */,
				0435D127153D3CCE0009BCF9 /* NSString+md5.m */,
			);
			path = src;
			sourceTree = "<group>";
		};
		0435D128153D3CCE0009BCF9 /* test */ = {
			isa = PBXGroup;
			children = (
			);
			path = test;
			sourceTree = "<group>";
		};
		0435D129153D3CCE0009BCF9 /* EGOTableViewPullRefresh */ = {
			isa = PBXGroup;
			children = (
				0435D12A153D3CCE0009BCF9 /* Classes */,
				0435D12E153D3CCE0009BCF9 /* Resources */,
			);
			path = EGOTableViewPullRefresh;
			sourceTree = "<group>";
		};
		0435D12A153D3CCE0009BCF9 /* Classes */ = {
			isa = PBXGroup;
			children = (
				0435D12B153D3CCE0009BCF9 /* View */,
			);
			path = Classes;
			sourceTree = "<group>";
		};
		0435D12B153D3CCE0009BCF9 /* View */ = {
			isa = PBXGroup;
			children = (
				0435D12C153D3CCE0009BCF9 /* EGORefreshTableHeaderView.h */,
				0435D12D153D3CCE0009BCF9 /* EGORefreshTableHeaderView.m */,
			);
			path = View;
			sourceTree = "<group>";
		};
		0435D12E153D3CCE0009BCF9 /* Resources */ = {
			isa = PBXGroup;
			children = (
				0435D12F153D3CCE0009BCF9 /* blackArrow.png */,
				0435D130153D3CCE0009BCF9 /* blackArrow@2x.png */,
				0435D131153D3CCE0009BCF9 /* blueArrow.png */,
				0435D132153D3CCE0009BCF9 /* blueArrow@2x.png */,
				0435D133153D3CCE0009BCF9 /* grayArrow.png */,
				0435D134153D3CCE0009BCF9 /* grayArrow@2x.png */,
				0435D135153D3CCE0009BCF9 /* whiteArrow.png */,
				0435D136153D3CCE0009BCF9 /* whiteArrow@2x.png */,
			);
			path = Resources;
			sourceTree = "<group>";
		};
		0435D137153D3CCE0009BCF9 /* ISO-8601-parser-0.5 */ = {
			isa = PBXGroup;
			children = (
				0435D138153D3CCE0009BCF9 /* test_files */,
			);
			path = "ISO-8601-parser-0.5";
			sourceTree = "<group>";
		};
		0435D138153D3CCE0009BCF9 /* test_files */ = {
			isa = PBXGroup;
			children = (
			);
			path = test_files;
			sourceTree = "<group>";
		};
		0435D139153D3CCE0009BCF9 /* json */ = {
			isa = PBXGroup;
			children = (
				0435D13A153D3CCE0009BCF9 /* ISO8601DateFormatter.h */,
				0435D13B153D3CCE0009BCF9 /* ISO8601DateFormatter.m */,
				0435D13C153D3CCE0009BCF9 /* json-framework */,
				0435D152153D3CCE0009BCF9 /* JSON.h */,
				0435D153153D3CCE0009BCF9 /* NSObject+SBJSON.h */,
				0435D154153D3CCE0009BCF9 /* NSObject+SBJSON.m */,
				0435D155153D3CCE0009BCF9 /* NSString+SBJSON.h */,
				0435D156153D3CCE0009BCF9 /* NSString+SBJSON.m */,
				0435D157153D3CCE0009BCF9 /* SBJsonBase.h */,
				0435D158153D3CCE0009BCF9 /* SBJsonBase.m */,
				0435D159153D3CCE0009BCF9 /* SBJsonParser.h */,
				0435D15A153D3CCE0009BCF9 /* SBJsonParser.m */,
				0435D15B153D3CCE0009BCF9 /* SBJsonStreamWriter.h */,
				0435D15C153D3CCE0009BCF9 /* SBJsonStreamWriter.m */,
				0435D15D153D3CCE0009BCF9 /* SBJsonWriter.h */,
				0435D15E153D3CCE0009BCF9 /* SBJsonWriter.m */,
				0435D15F153D3CCE0009BCF9 /* SBProxyForJson.h */,
			);
			path = json;
			sourceTree = "<group>";
		};
		0435D13C153D3CCE0009BCF9 /* json-framework */ = {
			isa = PBXGroup;
			children = (
				0435D13D153D3CCE0009BCF9 /* build */,
				0435D147153D3CCE0009BCF9 /* Classes */,
				0435D148153D3CCE0009BCF9 /* JSON.xcodeproj */,
				0435D14B153D3CCE0009BCF9 /* Notes */,
				0435D14C153D3CCE0009BCF9 /* Scripts */,
				0435D14D153D3CCE0009BCF9 /* Tests */,
			);
			path = "json-framework";
			sourceTree = "<group>";
		};
		0435D13D153D3CCE0009BCF9 /* build */ = {
			isa = PBXGroup;
			children = (
				0435D13E153D3CCE0009BCF9 /* Debug */,
				0435D13F153D3CCE0009BCF9 /* JSON.build */,
			);
			path = build;
			sourceTree = "<group>";
		};
		0435D13E153D3CCE0009BCF9 /* Debug */ = {
			isa = PBXGroup;
			children = (
			);
			path = Debug;
			sourceTree = "<group>";
		};
		0435D13F153D3CCE0009BCF9 /* JSON.build */ = {
			isa = PBXGroup;
			children = (
				0435D140153D3CCE0009BCF9 /* Debug */,
				0435D145153D3CCE0009BCF9 /* JSON.pbxindex */,
			);
			path = JSON.build;
			sourceTree = "<group>";
		};
		0435D140153D3CCE0009BCF9 /* Debug */ = {
			isa = PBXGroup;
			children = (
				0435D141153D3CCE0009BCF9 /* JSON.build */,
			);
			path = Debug;
			sourceTree = "<group>";
		};
		0435D141153D3CCE0009BCF9 /* JSON.build */ = {
			isa = PBXGroup;
			children = (
				0435D142153D3CCE0009BCF9 /* DerivedSources */,
				0435D143153D3CCE0009BCF9 /* Objects-normal */,
			);
			path = JSON.build;
			sourceTree = "<group>";
		};
		0435D142153D3CCE0009BCF9 /* DerivedSources */ = {
			isa = PBXGroup;
			children = (
			);
			path = DerivedSources;
			sourceTree = "<group>";
		};
		0435D143153D3CCE0009BCF9 /* Objects-normal */ = {
			isa = PBXGroup;
			children = (
				0435D144153D3CCE0009BCF9 /* x86_64 */,
			);
			path = "Objects-normal";
			sourceTree = "<group>";
		};
		0435D144153D3CCE0009BCF9 /* x86_64 */ = {
			isa = PBXGroup;
			children = (
			);
			path = x86_64;
			sourceTree = "<group>";
		};
		0435D145153D3CCE0009BCF9 /* JSON.pbxindex */ = {
			isa = PBXGroup;
			children = (
				0435D146153D3CCE0009BCF9 /* strings.pbxstrings */,
			);
			path = JSON.pbxindex;
			sourceTree = "<group>";
		};
		0435D146153D3CCE0009BCF9 /* strings.pbxstrings */ = {
			isa = PBXGroup;
			children = (
			);
			path = strings.pbxstrings;
			sourceTree = "<group>";
		};
		0435D147153D3CCE0009BCF9 /* Classes */ = {
			isa = PBXGroup;
			children = (
			);
			path = Classes;
			sourceTree = "<group>";
		};
		0435D149153D3CCE0009BCF9 /* Products */ = {
			isa = PBXGroup;
			children = (
				0435D193153D3CCF0009BCF9 /* JSON.framework */,
				0435D195153D3CCF0009BCF9 /* Tests.octest */,
				0435D197153D3CCF0009BCF9 /* libjson.a */,
				0435D199153D3CCF0009BCF9 /* libjsontests.octest */,
			);
			name = Products;
			sourceTree = "<group>";
		};
		0435D14B153D3CCE0009BCF9 /* Notes */ = {
			isa = PBXGroup;
			children = (
			);
			path = Notes;
			sourceTree = "<group>";
		};
		0435D14C153D3CCE0009BCF9 /* Scripts */ = {
			isa = PBXGroup;
			children = (
			);
			path = Scripts;
			sourceTree = "<group>";
		};
		0435D14D153D3CCE0009BCF9 /* Tests */ = {
			isa = PBXGroup;
			children = (
				0435D14E153D3CCE0009BCF9 /* Data */,
			);
			path = Tests;
			sourceTree = "<group>";
		};
		0435D14E153D3CCE0009BCF9 /* Data */ = {
			isa = PBXGroup;
			children = (
				0435D14F153D3CCE0009BCF9 /* json.org */,
				0435D150153D3CCE0009BCF9 /* jsonchecker */,
				0435D151153D3CCE0009BCF9 /* rfc4627 */,
			);
			path = Data;
			sourceTree = "<group>";
		};
		0435D14F153D3CCE0009BCF9 /* json.org */ = {
			isa = PBXGroup;
			children = (
			);
			path = json.org;
			sourceTree = "<group>";
		};
		0435D150153D3CCE0009BCF9 /* jsonchecker */ = {
			isa = PBXGroup;
			children = (
			);
			path = jsonchecker;
			sourceTree = "<group>";
		};
		0435D151153D3CCE0009BCF9 /* rfc4627 */ = {
			isa = PBXGroup;
			children = (
			);
			path = rfc4627;
			sourceTree = "<group>";
		};
		0435D160153D3CCE0009BCF9 /* SimpleImageCache */ = {
			isa = PBXGroup;
			children = (
				0435D161153D3CCE0009BCF9 /* IconRecord.h */,
				0435D162153D3CCE0009BCF9 /* IconRecord.m */,
				0435D163153D3CCE0009BCF9 /* ImageCache.h */,
				0435D164153D3CCE0009BCF9 /* ImageCache.m */,
			);
			path = SimpleImageCache;
			sourceTree = "<group>";
		};
		0435D165153D3CCE0009BCF9 /* src */ = {
			isa = PBXGroup;
			children = (
				0435D166153D3CCE0009BCF9 /* SAService.h */,
				0435D167153D3CCE0009BCF9 /* SAService.m */,
				0435D168153D3CCE0009BCF9 /* SAServiceAsyncInvocation.h */,
				0435D169153D3CCE0009BCF9 /* SAServiceAsyncInvocation.m */,
			);
			path = src;
			sourceTree = "<group>";
		};
		0435D19A153D3D510009BCF9 /* Service */ = {
			isa = PBXGroup;
			children = (
				0435D1AD153D3E8D0009BCF9 /* ExamBoardAsyncInvocation.h */,
				0435D1AE153D3E8D0009BCF9 /* ExamBoardAsyncInvocation.m */,
				0435D19B153D3D520009BCF9 /* ExamService.h */,
				0435D19C153D3D520009BCF9 /* ExamService.m */,
				0435D19D153D3D520009BCF9 /* GetExamDetailsInvocation.h */,
				0435D19E153D3D520009BCF9 /* GetExamDetailsInvocation.m */,
				0435D19F153D3D520009BCF9 /* SubmitUserInvocation.h */,
				0435D1A0153D3D520009BCF9 /* SubmitUserInvocation.m */,
			);
			name = Service;
			path = "../HSC Chemistry/Service";
			sourceTree = "<group>";
		};
		19C28FACFE9D520D11CA2CBB /* Products */ = {
			isa = PBXGroup;
			children = (
				1D6058910D05DD3D006BFB54 /* lock.app */,
=======
		04BDF76D154189D000ADC4F1 = {
			isa = PBXGroup;
			children = (
				04BDF782154189D000ADC4F1 /* lock */,
				04BDF77B154189D000ADC4F1 /* Frameworks */,
				04BDF779154189D000ADC4F1 /* Products */,
			);
			sourceTree = "<group>";
		};
		04BDF779154189D000ADC4F1 /* Products */ = {
			isa = PBXGroup;
			children = (
				04BDF778154189D000ADC4F1 /* lock.app */,
>>>>>>> 847caf9340949d3a42ed1e3dfa637af31834a4e8
			);
			name = Products;
			sourceTree = "<group>";
		};
<<<<<<< HEAD
		29B97314FDCFA39411CA2CEA /* CustomTemplate */ = {
			isa = PBXGroup;
			children = (
				04BDF74C154181A200ADC4F1 /* hello.h */,
				04BDF74D154181A200ADC4F1 /* hello.m */,
				04BDF74E154181A200ADC4F1 /* hello.xib */,
				0435D19A153D3D510009BCF9 /* Service */,
				0435D10E153D3CCE0009BCF9 /* Foundation */,
				29B97315FDCFA39411CA2CEA /* Other Sources */,
				29B97317FDCFA39411CA2CEA /* Resources */,
				29B97323FDCFA39411CA2CEA /* Frameworks */,
				19C28FACFE9D520D11CA2CBB /* Products */,
				049934A915134C1100D9CBB8 /* CoreData.framework */,
			);
			name = CustomTemplate;
			sourceTree = "<group>";
		};
		29B97315FDCFA39411CA2CEA /* Other Sources */ = {
			isa = PBXGroup;
			children = (
				28A0AAE50D9B0CCF005BE974 /* lock_Prefix.pch */,
				29B97316FDCFA39411CA2CEA /* main.m */,
			);
			name = "Other Sources";
			sourceTree = "<group>";
		};
		29B97317FDCFA39411CA2CEA /* Resources */ = {
			isa = PBXGroup;
			children = (
				28F335F01007B36200424DE2 /* RootViewController.xib */,
				28AD735F0D9D9599002E5188 /* MainWindow.xib */,
				8D1107310486CEB800E47090 /* lock-Info.plist */,
				048F82F71505FB3700534A5A /* lock.xcdatamodel */,
			);
			name = Resources;
			sourceTree = "<group>";
		};
		29B97323FDCFA39411CA2CEA /* Frameworks */ = {
			isa = PBXGroup;
			children = (
				1DF5F4DF0D08C38300B7A737 /* UIKit.framework */,
				1D30AB110D05D00D00671497 /* Foundation.framework */,
				2892E40F0DC94CBA00A64D0F /* CoreGraphics.framework */,
				04CEFEDF14FCF1FA004D5291 /* MapKit.framework */,
				0499348115134BD800D9CBB8 /* CoreLocation.framework */,
			);
			name = Frameworks;
=======
		04BDF77B154189D000ADC4F1 /* Frameworks */ = {
			isa = PBXGroup;
			children = (
				04BDF77C154189D000ADC4F1 /* UIKit.framework */,
				04BDF77E154189D000ADC4F1 /* Foundation.framework */,
				04BDF780154189D000ADC4F1 /* CoreGraphics.framework */,
			);
			name = Frameworks;
			sourceTree = "<group>";
		};
		04BDF782154189D000ADC4F1 /* lock */ = {
			isa = PBXGroup;
			children = (
				04BDF78B154189D100ADC4F1 /* lockAppDelegate.h */,
				04BDF78C154189D100ADC4F1 /* lockAppDelegate.m */,
				04BDF78E154189D100ADC4F1 /* MainWindow.xib */,
				04BDF791154189D100ADC4F1 /* lockViewController.h */,
				04BDF792154189D100ADC4F1 /* lockViewController.m */,
				04BDF794154189D100ADC4F1 /* lockViewController.xib */,
				04BDF783154189D000ADC4F1 /* Supporting Files */,
			);
			path = lock;
			sourceTree = "<group>";
		};
		04BDF783154189D000ADC4F1 /* Supporting Files */ = {
			isa = PBXGroup;
			children = (
				04BDF784154189D000ADC4F1 /* lock-Info.plist */,
				04BDF785154189D000ADC4F1 /* InfoPlist.strings */,
				04BDF788154189D000ADC4F1 /* main.m */,
				04BDF78A154189D100ADC4F1 /* lock-Prefix.pch */,
			);
			name = "Supporting Files";
>>>>>>> 847caf9340949d3a42ed1e3dfa637af31834a4e8
			sourceTree = "<group>";
		};
/* End PBXGroup section */

/* Begin PBXNativeTarget section */
<<<<<<< HEAD
		1D6058900D05DD3D006BFB54 /* lock */ = {
			isa = PBXNativeTarget;
			buildConfigurationList = 1D6058960D05DD3E006BFB54 /* Build configuration list for PBXNativeTarget "lock" */;
			buildPhases = (
				1D60588D0D05DD3D006BFB54 /* Resources */,
				1D60588E0D05DD3D006BFB54 /* Sources */,
				1D60588F0D05DD3D006BFB54 /* Frameworks */,
=======
		04BDF777154189D000ADC4F1 /* lock */ = {
			isa = PBXNativeTarget;
			buildConfigurationList = 04BDF799154189D100ADC4F1 /* Build configuration list for PBXNativeTarget "lock" */;
			buildPhases = (
				04BDF774154189D000ADC4F1 /* Sources */,
				04BDF775154189D000ADC4F1 /* Frameworks */,
				04BDF776154189D000ADC4F1 /* Resources */,
>>>>>>> 847caf9340949d3a42ed1e3dfa637af31834a4e8
			);
			buildRules = (
			);
			dependencies = (
			);
			name = lock;
			productName = lock;
<<<<<<< HEAD
			productReference = 1D6058910D05DD3D006BFB54 /* lock.app */;
=======
			productReference = 04BDF778154189D000ADC4F1 /* lock.app */;
>>>>>>> 847caf9340949d3a42ed1e3dfa637af31834a4e8
			productType = "com.apple.product-type.application";
		};
/* End PBXNativeTarget section */

/* Begin PBXProject section */
<<<<<<< HEAD
		29B97313FDCFA39411CA2CEA /* Project object */ = {
			isa = PBXProject;
			buildConfigurationList = C01FCF4E08A954540054247B /* Build configuration list for PBXProject "lock" */;
			compatibilityVersion = "Xcode 3.2";
			developmentRegion = English;
			hasScannedForEncodings = 1;
			knownRegions = (
				English,
				Japanese,
				French,
				German,
				en,
			);
			mainGroup = 29B97314FDCFA39411CA2CEA /* CustomTemplate */;
			projectDirPath = "";
			projectReferences = (
				{
					ProductGroup = 0435D149153D3CCE0009BCF9 /* Products */;
					ProjectRef = 0435D148153D3CCE0009BCF9 /* JSON.xcodeproj */;
				},
			);
			projectRoot = "";
			targets = (
				1D6058900D05DD3D006BFB54 /* lock */,
=======
		04BDF76F154189D000ADC4F1 /* Project object */ = {
			isa = PBXProject;
			buildConfigurationList = 04BDF772154189D000ADC4F1 /* Build configuration list for PBXProject "lock" */;
			compatibilityVersion = "Xcode 3.2";
			developmentRegion = English;
			hasScannedForEncodings = 0;
			knownRegions = (
				en,
			);
			mainGroup = 04BDF76D154189D000ADC4F1;
			productRefGroup = 04BDF779154189D000ADC4F1 /* Products */;
			projectDirPath = "";
			projectRoot = "";
			targets = (
				04BDF777154189D000ADC4F1 /* lock */,
>>>>>>> 847caf9340949d3a42ed1e3dfa637af31834a4e8
			);
		};
/* End PBXProject section */

<<<<<<< HEAD
/* Begin PBXReferenceProxy section */
		0435D193153D3CCF0009BCF9 /* JSON.framework */ = {
			isa = PBXReferenceProxy;
			fileType = wrapper.framework;
			path = JSON.framework;
			remoteRef = 0435D192153D3CCF0009BCF9 /* PBXContainerItemProxy */;
			sourceTree = BUILT_PRODUCTS_DIR;
		};
		0435D195153D3CCF0009BCF9 /* Tests.octest */ = {
			isa = PBXReferenceProxy;
			fileType = wrapper.cfbundle;
			path = Tests.octest;
			remoteRef = 0435D194153D3CCF0009BCF9 /* PBXContainerItemProxy */;
			sourceTree = BUILT_PRODUCTS_DIR;
		};
		0435D197153D3CCF0009BCF9 /* libjson.a */ = {
			isa = PBXReferenceProxy;
			fileType = archive.ar;
			path = libjson.a;
			remoteRef = 0435D196153D3CCF0009BCF9 /* PBXContainerItemProxy */;
			sourceTree = BUILT_PRODUCTS_DIR;
		};
		0435D199153D3CCF0009BCF9 /* libjsontests.octest */ = {
			isa = PBXReferenceProxy;
			fileType = wrapper.cfbundle;
			path = libjsontests.octest;
			remoteRef = 0435D198153D3CCF0009BCF9 /* PBXContainerItemProxy */;
			sourceTree = BUILT_PRODUCTS_DIR;
		};
/* End PBXReferenceProxy section */

/* Begin PBXResourcesBuildPhase section */
		1D60588D0D05DD3D006BFB54 /* Resources */ = {
			isa = PBXResourcesBuildPhase;
			buildActionMask = 2147483647;
			files = (
				28AD73600D9D9599002E5188 /* MainWindow.xib in Resources */,
				28F335F11007B36200424DE2 /* RootViewController.xib in Resources */,
				0435D16D153D3CCF0009BCF9 /* activity-overlay.png in Resources */,
				0435D16E153D3CCF0009BCF9 /* Activity.xib in Resources */,
				0435D17A153D3CCF0009BCF9 /* blackArrow.png in Resources */,
				0435D17B153D3CCF0009BCF9 /* blackArrow@2x.png in Resources */,
				0435D17C153D3CCF0009BCF9 /* blueArrow.png in Resources */,
				0435D17D153D3CCF0009BCF9 /* blueArrow@2x.png in Resources */,
				0435D17E153D3CCF0009BCF9 /* grayArrow.png in Resources */,
				0435D17F153D3CCF0009BCF9 /* grayArrow@2x.png in Resources */,
				0435D180153D3CCF0009BCF9 /* whiteArrow.png in Resources */,
				0435D181153D3CCF0009BCF9 /* whiteArrow@2x.png in Resources */,
				04BDF750154181A200ADC4F1 /* hello.xib in Resources */,
=======
/* Begin PBXResourcesBuildPhase section */
		04BDF776154189D000ADC4F1 /* Resources */ = {
			isa = PBXResourcesBuildPhase;
			buildActionMask = 2147483647;
			files = (
				04BDF787154189D000ADC4F1 /* InfoPlist.strings in Resources */,
				04BDF790154189D100ADC4F1 /* MainWindow.xib in Resources */,
				04BDF796154189D100ADC4F1 /* lockViewController.xib in Resources */,
>>>>>>> 847caf9340949d3a42ed1e3dfa637af31834a4e8
			);
			runOnlyForDeploymentPostprocessing = 0;
		};
/* End PBXResourcesBuildPhase section */

/* Begin PBXSourcesBuildPhase section */
<<<<<<< HEAD
		1D60588E0D05DD3D006BFB54 /* Sources */ = {
			isa = PBXSourcesBuildPhase;
			buildActionMask = 2147483647;
			files = (
				1D60589B0D05DD56006BFB54 /* main.m in Sources */,
				048F82F81505FB3700534A5A /* lock.xcdatamodel in Sources */,
				0435D16F153D3CCF0009BCF9 /* ISActivityOverlayController.m in Sources */,
				0435D170153D3CCF0009BCF9 /* CAVNSArrayTypeCategory.m in Sources */,
				0435D171153D3CCF0009BCF9 /* JSONUtils.m in Sources */,
				0435D172153D3CCF0009BCF9 /* NSArray+MBNSIndexPath.m in Sources */,
				0435D173153D3CCF0009BCF9 /* NSData+Hex.m in Sources */,
				0435D174153D3CCF0009BCF9 /* NSDate-Calendar.m in Sources */,
				0435D175153D3CCF0009BCF9 /* NSDateDayCategory.m in Sources */,
				0435D176153D3CCF0009BCF9 /* NSError+Log4Cocoa.m in Sources */,
				0435D177153D3CCF0009BCF9 /* NSHTTPURLResponse+StatusCodes.m in Sources */,
				0435D178153D3CCF0009BCF9 /* NSString+md5.m in Sources */,
				0435D179153D3CCF0009BCF9 /* EGORefreshTableHeaderView.m in Sources */,
				0435D182153D3CCF0009BCF9 /* ISO8601DateFormatter.m in Sources */,
				0435D183153D3CCF0009BCF9 /* NSObject+SBJSON.m in Sources */,
				0435D184153D3CCF0009BCF9 /* NSString+SBJSON.m in Sources */,
				0435D185153D3CCF0009BCF9 /* SBJsonBase.m in Sources */,
				0435D186153D3CCF0009BCF9 /* SBJsonParser.m in Sources */,
				0435D187153D3CCF0009BCF9 /* SBJsonStreamWriter.m in Sources */,
				0435D188153D3CCF0009BCF9 /* SBJsonWriter.m in Sources */,
				0435D189153D3CCF0009BCF9 /* IconRecord.m in Sources */,
				0435D18A153D3CCF0009BCF9 /* ImageCache.m in Sources */,
				0435D18B153D3CCF0009BCF9 /* SAService.m in Sources */,
				0435D18C153D3CCF0009BCF9 /* SAServiceAsyncInvocation.m in Sources */,
				0435D1A1153D3D520009BCF9 /* ExamService.m in Sources */,
				0435D1A2153D3D520009BCF9 /* GetExamDetailsInvocation.m in Sources */,
				0435D1A3153D3D520009BCF9 /* SubmitUserInvocation.m in Sources */,
				0435D1AF153D3E8D0009BCF9 /* ExamBoardAsyncInvocation.m in Sources */,
				04BDF74F154181A200ADC4F1 /* hello.m in Sources */,
=======
		04BDF774154189D000ADC4F1 /* Sources */ = {
			isa = PBXSourcesBuildPhase;
			buildActionMask = 2147483647;
			files = (
				04BDF789154189D000ADC4F1 /* main.m in Sources */,
				04BDF78D154189D100ADC4F1 /* lockAppDelegate.m in Sources */,
				04BDF793154189D100ADC4F1 /* lockViewController.m in Sources */,
>>>>>>> 847caf9340949d3a42ed1e3dfa637af31834a4e8
			);
			runOnlyForDeploymentPostprocessing = 0;
		};
/* End PBXSourcesBuildPhase section */

<<<<<<< HEAD
/* Begin XCBuildConfiguration section */
		1D6058940D05DD3E006BFB54 /* Debug */ = {
			isa = XCBuildConfiguration;
			buildSettings = {
				ALWAYS_SEARCH_USER_PATHS = NO;
				COPY_PHASE_STRIP = NO;
				GCC_DYNAMIC_NO_PIC = NO;
				GCC_OPTIMIZATION_LEVEL = 0;
				GCC_PRECOMPILE_PREFIX_HEADER = YES;
				GCC_PREFIX_HEADER = lock_Prefix.pch;
				INFOPLIST_FILE = "lock-Info.plist";
				PRODUCT_NAME = lock;
			};
			name = Debug;
		};
		1D6058950D05DD3E006BFB54 /* Release */ = {
			isa = XCBuildConfiguration;
			buildSettings = {
				ALWAYS_SEARCH_USER_PATHS = NO;
				COPY_PHASE_STRIP = YES;
				GCC_PRECOMPILE_PREFIX_HEADER = YES;
				GCC_PREFIX_HEADER = lock_Prefix.pch;
				INFOPLIST_FILE = "lock-Info.plist";
				PRODUCT_NAME = lock;
=======
/* Begin PBXVariantGroup section */
		04BDF785154189D000ADC4F1 /* InfoPlist.strings */ = {
			isa = PBXVariantGroup;
			children = (
				04BDF786154189D000ADC4F1 /* en */,
			);
			name = InfoPlist.strings;
			sourceTree = "<group>";
		};
		04BDF78E154189D100ADC4F1 /* MainWindow.xib */ = {
			isa = PBXVariantGroup;
			children = (
				04BDF78F154189D100ADC4F1 /* en */,
			);
			name = MainWindow.xib;
			sourceTree = "<group>";
		};
		04BDF794154189D100ADC4F1 /* lockViewController.xib */ = {
			isa = PBXVariantGroup;
			children = (
				04BDF795154189D100ADC4F1 /* en */,
			);
			name = lockViewController.xib;
			sourceTree = "<group>";
		};
/* End PBXVariantGroup section */

/* Begin XCBuildConfiguration section */
		04BDF797154189D100ADC4F1 /* Debug */ = {
			isa = XCBuildConfiguration;
			buildSettings = {
				ALWAYS_SEARCH_USER_PATHS = NO;
				ARCHS = "$(ARCHS_STANDARD_32_BIT)";
				"CODE_SIGN_IDENTITY[sdk=iphoneos*]" = "iPhone Developer";
				COPY_PHASE_STRIP = NO;
				GCC_C_LANGUAGE_STANDARD = gnu99;
				GCC_DYNAMIC_NO_PIC = NO;
				GCC_OPTIMIZATION_LEVEL = 0;
				GCC_PREPROCESSOR_DEFINITIONS = (
					"DEBUG=1",
					"$(inherited)",
				);
				GCC_SYMBOLS_PRIVATE_EXTERN = NO;
				GCC_VERSION = com.apple.compilers.llvmgcc42;
				GCC_WARN_ABOUT_MISSING_PROTOTYPES = YES;
				GCC_WARN_ABOUT_RETURN_TYPE = YES;
				GCC_WARN_UNUSED_VARIABLE = YES;
				IPHONEOS_DEPLOYMENT_TARGET = 4.3;
				SDKROOT = iphoneos;
			};
			name = Debug;
		};
		04BDF798154189D100ADC4F1 /* Release */ = {
			isa = XCBuildConfiguration;
			buildSettings = {
				ALWAYS_SEARCH_USER_PATHS = NO;
				ARCHS = "$(ARCHS_STANDARD_32_BIT)";
				"CODE_SIGN_IDENTITY[sdk=iphoneos*]" = "iPhone Developer";
				COPY_PHASE_STRIP = YES;
				GCC_C_LANGUAGE_STANDARD = gnu99;
				GCC_VERSION = com.apple.compilers.llvmgcc42;
				GCC_WARN_ABOUT_MISSING_PROTOTYPES = YES;
				GCC_WARN_ABOUT_RETURN_TYPE = YES;
				GCC_WARN_UNUSED_VARIABLE = YES;
				IPHONEOS_DEPLOYMENT_TARGET = 4.3;
				OTHER_CFLAGS = "-DNS_BLOCK_ASSERTIONS=1";
				SDKROOT = iphoneos;
>>>>>>> 847caf9340949d3a42ed1e3dfa637af31834a4e8
				VALIDATE_PRODUCT = YES;
			};
			name = Release;
		};
<<<<<<< HEAD
		C01FCF4F08A954540054247B /* Debug */ = {
			isa = XCBuildConfiguration;
			buildSettings = {
				ARCHS = "$(ARCHS_STANDARD_32_BIT)";
				"CODE_SIGN_IDENTITY[sdk=iphoneos*]" = "iPhone Developer";
				GCC_C_LANGUAGE_STANDARD = c99;
				GCC_WARN_ABOUT_RETURN_TYPE = YES;
				GCC_WARN_UNUSED_VARIABLE = YES;
				PREBINDING = NO;
				SDKROOT = iphoneos;
			};
			name = Debug;
		};
		C01FCF5008A954540054247B /* Release */ = {
			isa = XCBuildConfiguration;
			buildSettings = {
				ARCHS = "$(ARCHS_STANDARD_32_BIT)";
				"CODE_SIGN_IDENTITY[sdk=iphoneos*]" = "iPhone Developer";
				GCC_C_LANGUAGE_STANDARD = c99;
				GCC_WARN_ABOUT_RETURN_TYPE = YES;
				GCC_WARN_UNUSED_VARIABLE = YES;
				OTHER_CFLAGS = "-DNS_BLOCK_ASSERTIONS=1";
				PREBINDING = NO;
				SDKROOT = iphoneos;
=======
		04BDF79A154189D100ADC4F1 /* Debug */ = {
			isa = XCBuildConfiguration;
			buildSettings = {
				GCC_PRECOMPILE_PREFIX_HEADER = YES;
				GCC_PREFIX_HEADER = "lock/lock-Prefix.pch";
				INFOPLIST_FILE = "lock/lock-Info.plist";
				PRODUCT_NAME = "$(TARGET_NAME)";
				WRAPPER_EXTENSION = app;
			};
			name = Debug;
		};
		04BDF79B154189D100ADC4F1 /* Release */ = {
			isa = XCBuildConfiguration;
			buildSettings = {
				GCC_PRECOMPILE_PREFIX_HEADER = YES;
				GCC_PREFIX_HEADER = "lock/lock-Prefix.pch";
				INFOPLIST_FILE = "lock/lock-Info.plist";
				PRODUCT_NAME = "$(TARGET_NAME)";
				WRAPPER_EXTENSION = app;
>>>>>>> 847caf9340949d3a42ed1e3dfa637af31834a4e8
			};
			name = Release;
		};
/* End XCBuildConfiguration section */

/* Begin XCConfigurationList section */
<<<<<<< HEAD
		1D6058960D05DD3E006BFB54 /* Build configuration list for PBXNativeTarget "lock" */ = {
			isa = XCConfigurationList;
			buildConfigurations = (
				1D6058940D05DD3E006BFB54 /* Debug */,
				1D6058950D05DD3E006BFB54 /* Release */,
=======
		04BDF772154189D000ADC4F1 /* Build configuration list for PBXProject "lock" */ = {
			isa = XCConfigurationList;
			buildConfigurations = (
				04BDF797154189D100ADC4F1 /* Debug */,
				04BDF798154189D100ADC4F1 /* Release */,
>>>>>>> 847caf9340949d3a42ed1e3dfa637af31834a4e8
			);
			defaultConfigurationIsVisible = 0;
			defaultConfigurationName = Release;
		};
<<<<<<< HEAD
		C01FCF4E08A954540054247B /* Build configuration list for PBXProject "lock" */ = {
			isa = XCConfigurationList;
			buildConfigurations = (
				C01FCF4F08A954540054247B /* Debug */,
				C01FCF5008A954540054247B /* Release */,
			);
			defaultConfigurationIsVisible = 0;
			defaultConfigurationName = Release;
		};
/* End XCConfigurationList section */
	};
	rootObject = 29B97313FDCFA39411CA2CEA /* Project object */;
=======
		04BDF799154189D100ADC4F1 /* Build configuration list for PBXNativeTarget "lock" */ = {
			isa = XCConfigurationList;
			buildConfigurations = (
				04BDF79A154189D100ADC4F1 /* Debug */,
				04BDF79B154189D100ADC4F1 /* Release */,
			);
			defaultConfigurationIsVisible = 0;
		};
/* End XCConfigurationList section */
	};
	rootObject = 04BDF76F154189D000ADC4F1 /* Project object */;
>>>>>>> 847caf9340949d3a42ed1e3dfa637af31834a4e8
}
