// !$*UTF8*$!
{
	archiveVersion = 1;
	classes = {
	};
	objectVersion = 46;
	objects = {

/* Begin PBXBuildFile section */
		04BDF7241541767100ADC4F1 /* UIKit.framework in Frameworks */ = {isa = PBXBuildFile; fileRef = 04BDF7231541767100ADC4F1 /* UIKit.framework */; };
		04BDF7261541767100ADC4F1 /* Foundation.framework in Frameworks */ = {isa = PBXBuildFile; fileRef = 04BDF7251541767100ADC4F1 /* Foundation.framework */; };
		04BDF7281541767100ADC4F1 /* CoreGraphics.framework in Frameworks */ = {isa = PBXBuildFile; fileRef = 04BDF7271541767100ADC4F1 /* CoreGraphics.framework */; };
		04BDF72E1541767100ADC4F1 /* InfoPlist.strings in Resources */ = {isa = PBXBuildFile; fileRef = 04BDF72C1541767100ADC4F1 /* InfoPlist.strings */; };
		04BDF7301541767100ADC4F1 /* main.m in Sources */ = {isa = PBXBuildFile; fileRef = 04BDF72F1541767100ADC4F1 /* main.m */; };
		04BDF7341541767100ADC4F1 /* lockAppDelegate.m in Sources */ = {isa = PBXBuildFile; fileRef = 04BDF7331541767100ADC4F1 /* lockAppDelegate.m */; };
		04BDF7371541767100ADC4F1 /* MainWindow.xib in Resources */ = {isa = PBXBuildFile; fileRef = 04BDF7351541767100ADC4F1 /* MainWindow.xib */; };
		04BDF73A1541767100ADC4F1 /* lockViewController.m in Sources */ = {isa = PBXBuildFile; fileRef = 04BDF7391541767100ADC4F1 /* lockViewController.m */; };
		04BDF73D1541767100ADC4F1 /* lockViewController.xib in Resources */ = {isa = PBXBuildFile; fileRef = 04BDF73B1541767100ADC4F1 /* lockViewController.xib */; };
/* End PBXBuildFile section */

/* Begin PBXFileReference section */
		04BDF71F1541767100ADC4F1 /* lock.app */ = {isa = PBXFileReference; explicitFileType = wrapper.application; includeInIndex = 0; path = lock.app; sourceTree = BUILT_PRODUCTS_DIR; };
		04BDF7231541767100ADC4F1 /* UIKit.framework */ = {isa = PBXFileReference; lastKnownFileType = wrapper.framework; name = UIKit.framework; path = System/Library/Frameworks/UIKit.framework; sourceTree = SDKROOT; };
		04BDF7251541767100ADC4F1 /* Foundation.framework */ = {isa = PBXFileReference; lastKnownFileType = wrapper.framework; name = Foundation.framework; path = System/Library/Frameworks/Foundation.framework; sourceTree = SDKROOT; };
		04BDF7271541767100ADC4F1 /* CoreGraphics.framework */ = {isa = PBXFileReference; lastKnownFileType = wrapper.framework; name = CoreGraphics.framework; path = System/Library/Frameworks/CoreGraphics.framework; sourceTree = SDKROOT; };
		04BDF72B1541767100ADC4F1 /* lock-Info.plist */ = {isa = PBXFileReference; path = "lock-Info.plist"; sourceTree = "<group>"; };
		04BDF72D1541767100ADC4F1 /* en */ = {isa = PBXFileReference; lastKnownFileType = text.plist.strings; name = en; path = en.lproj/InfoPlist.strings; sourceTree = "<group>"; };
		04BDF72F1541767100ADC4F1 /* main.m */ = {isa = PBXFileReference; lastKnownFileType = sourcecode.c.objc; path = main.m; sourceTree = "<group>"; };
		04BDF7311541767100ADC4F1 /* lock-Prefix.pch */ = {isa = PBXFileReference; path = "lock-Prefix.pch"; sourceTree = "<group>"; };
		04BDF7321541767100ADC4F1 /* lockAppDelegate.h */ = {isa = PBXFileReference; path = lockAppDelegate.h; sourceTree = "<group>"; };
		04BDF7331541767100ADC4F1 /* lockAppDelegate.m */ = {isa = PBXFileReference; lastKnownFileType = sourcecode.c.objc; path = lockAppDelegate.m; sourceTree = "<group>"; };
		04BDF7361541767100ADC4F1 /* en */ = {isa = PBXFileReference; lastKnownFileType = file.xib; name = en; path = en.lproj/MainWindow.xib; sourceTree = "<group>"; };
		04BDF7381541767100ADC4F1 /* lockViewController.h */ = {isa = PBXFileReference; path = lockViewController.h; sourceTree = "<group>"; };
		04BDF7391541767100ADC4F1 /* lockViewController.m */ = {isa = PBXFileReference; lastKnownFileType = sourcecode.c.objc; path = lockViewController.m; sourceTree = "<group>"; };
		04BDF73C1541767100ADC4F1 /* en */ = {isa = PBXFileReference; lastKnownFileType = file.xib; name = en; path = en.lproj/lockViewController.xib; sourceTree = "<group>"; };
/* End PBXFileReference section */

/* Begin PBXFrameworksBuildPhase section */
		04BDF71C1541767100ADC4F1 /* Frameworks */ = {
			isa = PBXFrameworksBuildPhase;
			buildActionMask = 2147483647;
			files = (
				04BDF7241541767100ADC4F1 /* UIKit.framework in Frameworks */,
				04BDF7261541767100ADC4F1 /* Foundation.framework in Frameworks */,
				04BDF7281541767100ADC4F1 /* CoreGraphics.framework in Frameworks */,
			);
			runOnlyForDeploymentPostprocessing = 0;
		};
/* End PBXFrameworksBuildPhase section */

/* Begin PBXGroup section */
		04BDF7141541767100ADC4F1 = {
			isa = PBXGroup;
			children = (
				04BDF7291541767100ADC4F1 /* lock */,
				04BDF7221541767100ADC4F1 /* Frameworks */,
				04BDF7201541767100ADC4F1 /* Products */,
			);
			sourceTree = "<group>";
		};
		04BDF7201541767100ADC4F1 /* Products */ = {
			isa = PBXGroup;
			children = (
				04BDF71F1541767100ADC4F1 /* lock.app */,
			);
			name = Products;
			sourceTree = "<group>";
		};
		04BDF7221541767100ADC4F1 /* Frameworks */ = {
			isa = PBXGroup;
			children = (
				04BDF7231541767100ADC4F1 /* UIKit.framework */,
				04BDF7251541767100ADC4F1 /* Foundation.framework */,
				04BDF7271541767100ADC4F1 /* CoreGraphics.framework */,
			);
			name = Frameworks;
			sourceTree = "<group>";
		};
		04BDF7291541767100ADC4F1 /* lock */ = {
			isa = PBXGroup;
			children = (
				04BDF7321541767100ADC4F1 /* lockAppDelegate.h */,
				04BDF7331541767100ADC4F1 /* lockAppDelegate.m */,
				04BDF7351541767100ADC4F1 /* MainWindow.xib */,
				04BDF7381541767100ADC4F1 /* lockViewController.h */,
				04BDF7391541767100ADC4F1 /* lockViewController.m */,
				04BDF73B1541767100ADC4F1 /* lockViewController.xib */,
				04BDF72A1541767100ADC4F1 /* Supporting Files */,
			);
			path = lock;
			sourceTree = "<group>";
		};
		04BDF72A1541767100ADC4F1 /* Supporting Files */ = {
			isa = PBXGroup;
			children = (
				04BDF72B1541767100ADC4F1 /* lock-Info.plist */,
				04BDF72C1541767100ADC4F1 /* InfoPlist.strings */,
				04BDF72F1541767100ADC4F1 /* main.m */,
				04BDF7311541767100ADC4F1 /* lock-Prefix.pch */,
			);
			name = "Supporting Files";
			sourceTree = "<group>";
		};
/* End PBXGroup section */

/* Begin PBXNativeTarget section */
		04BDF71E1541767100ADC4F1 /* lock */ = {
			isa = PBXNativeTarget;
			buildConfigurationList = 04BDF7401541767100ADC4F1 /* Build configuration list for PBXNativeTarget "lock" */;
			buildPhases = (
				04BDF71B1541767100ADC4F1 /* Sources */,
				04BDF71C1541767100ADC4F1 /* Frameworks */,
				04BDF71D1541767100ADC4F1 /* Resources */,
			);
			buildRules = (
			);
			dependencies = (
			);
			name = lock;
			productName = lock;
			productReference = 04BDF71F1541767100ADC4F1 /* lock.app */;
			productType = "com.apple.product-type.application";
		};
/* End PBXNativeTarget section */

/* Begin PBXProject section */
		04BDF7161541767100ADC4F1 /* Project object */ = {
			isa = PBXProject;
			buildConfigurationList = 04BDF7191541767100ADC4F1 /* Build configuration list for PBXProject "lock" */;
			compatibilityVersion = "Xcode 3.2";
			developmentRegion = English;
			hasScannedForEncodings = 0;
			knownRegions = (
				en,
			);
			mainGroup = 04BDF7141541767100ADC4F1;
			productRefGroup = 04BDF7201541767100ADC4F1 /* Products */;
			projectDirPath = "";
			projectRoot = "";
			targets = (
				04BDF71E1541767100ADC4F1 /* lock */,
			);
		};
/* End PBXProject section */

/* Begin PBXResourcesBuildPhase section */
		04BDF71D1541767100ADC4F1 /* Resources */ = {
			isa = PBXResourcesBuildPhase;
			buildActionMask = 2147483647;
			files = (
				04BDF72E1541767100ADC4F1 /* InfoPlist.strings in Resources */,
				04BDF7371541767100ADC4F1 /* MainWindow.xib in Resources */,
				04BDF73D1541767100ADC4F1 /* lockViewController.xib in Resources */,
			);
			runOnlyForDeploymentPostprocessing = 0;
		};
/* End PBXResourcesBuildPhase section */

/* Begin PBXSourcesBuildPhase section */
		04BDF71B1541767100ADC4F1 /* Sources */ = {
			isa = PBXSourcesBuildPhase;
			buildActionMask = 2147483647;
			files = (
				04BDF7301541767100ADC4F1 /* main.m in Sources */,
				04BDF7341541767100ADC4F1 /* lockAppDelegate.m in Sources */,
				04BDF73A1541767100ADC4F1 /* lockViewController.m in Sources */,
			);
			runOnlyForDeploymentPostprocessing = 0;
		};
/* End PBXSourcesBuildPhase section */

/* Begin PBXVariantGroup section */
		04BDF72C1541767100ADC4F1 /* InfoPlist.strings */ = {
			isa = PBXVariantGroup;
			children = (
				04BDF72D1541767100ADC4F1 /* en */,
			);
			name = InfoPlist.strings;
			sourceTree = "<group>";
		};
		04BDF7351541767100ADC4F1 /* MainWindow.xib */ = {
			isa = PBXVariantGroup;
			children = (
				04BDF7361541767100ADC4F1 /* en */,
			);
			name = MainWindow.xib;
			sourceTree = "<group>";
		};
		04BDF73B1541767100ADC4F1 /* lockViewController.xib */ = {
			isa = PBXVariantGroup;
			children = (
				04BDF73C1541767100ADC4F1 /* en */,
			);
			name = lockViewController.xib;
			sourceTree = "<group>";
		};
/* End PBXVariantGroup section */

/* Begin XCBuildConfiguration section */
		04BDF73E1541767100ADC4F1 /* Debug */ = {
			isa = XCBuildConfiguration;
			buildSettings = {
				ALWAYS_SEARCH_USER_PATHS = NO;
				ARCHS = "$(ARCHS_STANDARD_32_BIT)";
				"CODE_SIGN_IDENTITY[sdk=iphoneos*]" = "iPhone Developer";
				COPY_PHASE_STRIP = NO;
				GCC_C_LANGUAGE_STANDARD = gnu99;
				GCC_DYNAMIC_NO_PIC = NO;
				GCC_OPTIMIZATION_LEVEL = 0;
				GCC_PREPROCESSOR_DEFINITIONS = (
					"DEBUG=1",
					"$(inherited)",
				);
				GCC_SYMBOLS_PRIVATE_EXTERN = NO;
				GCC_VERSION = com.apple.compilers.llvmgcc42;
				GCC_WARN_ABOUT_MISSING_PROTOTYPES = YES;
				GCC_WARN_ABOUT_RETURN_TYPE = YES;
				GCC_WARN_UNUSED_VARIABLE = YES;
				IPHONEOS_DEPLOYMENT_TARGET = 4.3;
				SDKROOT = iphoneos;
			};
			name = Debug;
		};
		04BDF73F1541767100ADC4F1 /* Release */ = {
			isa = XCBuildConfiguration;
			buildSettings = {
				ALWAYS_SEARCH_USER_PATHS = NO;
				ARCHS = "$(ARCHS_STANDARD_32_BIT)";
				"CODE_SIGN_IDENTITY[sdk=iphoneos*]" = "iPhone Developer";
				COPY_PHASE_STRIP = YES;
				GCC_C_LANGUAGE_STANDARD = gnu99;
				GCC_VERSION = com.apple.compilers.llvmgcc42;
				GCC_WARN_ABOUT_MISSING_PROTOTYPES = YES;
				GCC_WARN_ABOUT_RETURN_TYPE = YES;
				GCC_WARN_UNUSED_VARIABLE = YES;
				IPHONEOS_DEPLOYMENT_TARGET = 4.3;
				OTHER_CFLAGS = "-DNS_BLOCK_ASSERTIONS=1";
				SDKROOT = iphoneos;
				VALIDATE_PRODUCT = YES;
			};
			name = Release;
		};
		04BDF7411541767100ADC4F1 /* Debug */ = {
			isa = XCBuildConfiguration;
			buildSettings = {
				GCC_PRECOMPILE_PREFIX_HEADER = YES;
				GCC_PREFIX_HEADER = "lock/lock-Prefix.pch";
				INFOPLIST_FILE = "lock/lock-Info.plist";
				PRODUCT_NAME = "$(TARGET_NAME)";
				WRAPPER_EXTENSION = app;
			};
			name = Debug;
		};
		04BDF7421541767100ADC4F1 /* Release */ = {
			isa = XCBuildConfiguration;
			buildSettings = {
				GCC_PRECOMPILE_PREFIX_HEADER = YES;
				GCC_PREFIX_HEADER = "lock/lock-Prefix.pch";
				INFOPLIST_FILE = "lock/lock-Info.plist";
				PRODUCT_NAME = "$(TARGET_NAME)";
				WRAPPER_EXTENSION = app;
			};
			name = Release;
		};
/* End XCBuildConfiguration section */

/* Begin XCConfigurationList section */
		04BDF7191541767100ADC4F1 /* Build configuration list for PBXProject "lock" */ = {
			isa = XCConfigurationList;
			buildConfigurations = (
				04BDF73E1541767100ADC4F1 /* Debug */,
				04BDF73F1541767100ADC4F1 /* Release */,
			);
			defaultConfigurationIsVisible = 0;
			defaultConfigurationName = Release;
		};
		04BDF7401541767100ADC4F1 /* Build configuration list for PBXNativeTarget "lock" */ = {
			isa = XCConfigurationList;
			buildConfigurations = (
				04BDF7411541767100ADC4F1 /* Debug */,
				04BDF7421541767100ADC4F1 /* Release */,
			);
			defaultConfigurationIsVisible = 0;
		};
/* End XCConfigurationList section */
	};
	rootObject = 04BDF7161541767100ADC4F1 /* Project object */;
}
